
Microsoft Visual Studio Solution File, Format Version 12.00
# Visual Studio Version 16
VisualStudioVersion = 16.0.31613.86
MinimumVisualStudioVersion = 10.0.40219.1
Project("{FAE04EC0-301F-11D3-BF4B-00C04F79EFBC}") = "Mod4_Activity1_Roxas.Android", "Mod4_Activity1_Roxas\Mod4_Activity1_Roxas.Android\Mod4_Activity1_Roxas.Android.csproj", "{05EC5D53-2729-4D37-B987-C54A7392CEF2}"
EndProject
Project("{FAE04EC0-301F-11D3-BF4B-00C04F79EFBC}") = "Mod4_Activity1_Roxas.iOS", "Mod4_Activity1_Roxas\Mod4_Activity1_Roxas.iOS\Mod4_Activity1_Roxas.iOS.csproj", "{91A22057-BF96-4FEA-861B-17C5E886632B}"
EndProject
Project("{FAE04EC0-301F-11D3-BF4B-00C04F79EFBC}") = "Mod4_Activity1_Roxas", "Mod4_Activity1_Roxas\Mod4_Activity1_Roxas\Mod4_Activity1_Roxas.csproj", "{EE964718-E0F0-4FAC-A491-ABEB1010765C}"
EndProject
Global
	GlobalSection(SolutionConfigurationPlatforms) = preSolution
		Debug|Any CPU = Debug|Any CPU
		Debug|iPhone = Debug|iPhone
		Debug|iPhoneSimulator = Debug|iPhoneSimulator
		Release|Any CPU = Release|Any CPU
		Release|iPhone = Release|iPhone
		Release|iPhoneSimulator = Release|iPhoneSimulator
	EndGlobalSection
	GlobalSection(ProjectConfigurationPlatforms) = postSolution
		{05EC5D53-2729-4D37-B987-C54A7392CEF2}.Debug|Any CPU.ActiveCfg = Debug|Any CPU
		{05EC5D53-2729-4D37-B987-C54A7392CEF2}.Debug|Any CPU.Build.0 = Debug|Any CPU
		{05EC5D53-2729-4D37-B987-C54A7392CEF2}.Debug|Any CPU.Deploy.0 = Debug|Any CPU
		{05EC5D53-2729-4D37-B987-C54A7392CEF2}.Debug|iPhone.ActiveCfg = Debug|Any CPU
		{05EC5D53-2729-4D37-B987-C54A7392CEF2}.Debug|iPhone.Build.0 = Debug|Any CPU
		{05EC5D53-2729-4D37-B987-C54A7392CEF2}.Debug|iPhone.Deploy.0 = Debug|Any CPU
		{05EC5D53-2729-4D37-B987-C54A7392CEF2}.Debug|iPhoneSimulator.ActiveCfg = Debug|Any CPU
		{05EC5D53-2729-4D37-B987-C54A7392CEF2}.Debug|iPhoneSimulator.Build.0 = Debug|Any CPU
		{05EC5D53-2729-4D37-B987-C54A7392CEF2}.Debug|iPhoneSimulator.Deploy.0 = Debug|Any CPU
		{05EC5D53-2729-4D37-B987-C54A7392CEF2}.Release|Any CPU.ActiveCfg = Release|Any CPU
		{05EC5D53-2729-4D37-B987-C54A7392CEF2}.Release|Any CPU.Build.0 = Release|Any CPU
		{05EC5D53-2729-4D37-B987-C54A7392CEF2}.Release|Any CPU.Deploy.0 = Release|Any CPU
		{05EC5D53-2729-4D37-B987-C54A7392CEF2}.Release|iPhone.ActiveCfg = Release|Any CPU
		{05EC5D53-2729-4D37-B987-C54A7392CEF2}.Release|iPhone.Build.0 = Release|Any CPU
		{05EC5D53-2729-4D37-B987-C54A7392CEF2}.Release|iPhone.Deploy.0 = Release|Any CPU
		{05EC5D53-2729-4D37-B987-C54A7392CEF2}.Release|iPhoneSimulator.ActiveCfg = Release|Any CPU
		{05EC5D53-2729-4D37-B987-C54A7392CEF2}.Release|iPhoneSimulator.Build.0 = Release|Any CPU
		{05EC5D53-2729-4D37-B987-C54A7392CEF2}.Release|iPhoneSimulator.Deploy.0 = Release|Any CPU
		{91A22057-BF96-4FEA-861B-17C5E886632B}.Debug|Any CPU.ActiveCfg = Debug|iPhone
		{91A22057-BF96-4FEA-861B-17C5E886632B}.Debug|Any CPU.Build.0 = Debug|iPhone
		{91A22057-BF96-4FEA-861B-17C5E886632B}.Debug|Any CPU.Deploy.0 = Debug|iPhone
		{91A22057-BF96-4FEA-861B-17C5E886632B}.Debug|iPhone.ActiveCfg = Debug|iPhone
		{91A22057-BF96-4FEA-861B-17C5E886632B}.Debug|iPhone.Build.0 = Debug|iPhone
		{91A22057-BF96-4FEA-861B-17C5E886632B}.Debug|iPhone.Deploy.0 = Debug|iPhone
		{91A22057-BF96-4FEA-861B-17C5E886632B}.Debug|iPhoneSimulator.ActiveCfg = Debug|iPhoneSimulator
		{91A22057-BF96-4FEA-861B-17C5E886632B}.Debug|iPhoneSimulator.Build.0 = Debug|iPhoneSimulator
		{91A22057-BF96-4FEA-861B-17C5E886632B}.Debug|iPhoneSimulator.Deploy.0 = Debug|iPhoneSimulator
		{91A22057-BF96-4FEA-861B-17C5E886632B}.Release|Any CPU.ActiveCfg = Release|iPhoneSimulator
		{91A22057-BF96-4FEA-861B-17C5E886632B}.Release|Any CPU.Build.0 = Release|iPhoneSimulator
		{91A22057-BF96-4FEA-861B-17C5E886632B}.Release|Any CPU.Deploy.0 = Release|iPhoneSimulator
		{91A22057-BF96-4FEA-861B-17C5E886632B}.Release|iPhone.ActiveCfg = Release|iPhone
		{91A22057-BF96-4FEA-861B-17C5E886632B}.Release|iPhone.Build.0 = Release|iPhone
		{91A22057-BF96-4FEA-861B-17C5E886632B}.Release|iPhone.Deploy.0 = Release|iPhone
		{91A22057-BF96-4FEA-861B-17C5E886632B}.Release|iPhoneSimulator.ActiveCfg = Release|iPhoneSimulator
		{91A22057-BF96-4FEA-861B-17C5E886632B}.Release|iPhoneSimulator.Build.0 = Release|iPhoneSimulator
		{91A22057-BF96-4FEA-861B-17C5E886632B}.Release|iPhoneSimulator.Deploy.0 = Release|iPhoneSimulator
		{EE964718-E0F0-4FAC-A491-ABEB1010765C}.Debug|Any CPU.ActiveCfg = Debug|Any CPU
		{EE964718-E0F0-4FAC-A491-ABEB1010765C}.Debug|Any CPU.Build.0 = Debug|Any CPU
		{EE964718-E0F0-4FAC-A491-ABEB1010765C}.Debug|Any CPU.Deploy.0 = Debug|Any CPU
		{EE964718-E0F0-4FAC-A491-ABEB1010765C}.Debug|iPhone.ActiveCfg = Debug|Any CPU
		{EE964718-E0F0-4FAC-A491-ABEB1010765C}.Debug|iPhone.Build.0 = Debug|Any CPU
		{EE964718-E0F0-4FAC-A491-ABEB1010765C}.Debug|iPhone.Deploy.0 = Debug|Any CPU
		{EE964718-E0F0-4FAC-A491-ABEB1010765C}.Debug|iPhoneSimulator.ActiveCfg = Debug|Any CPU
		{EE964718-E0F0-4FAC-A491-ABEB1010765C}.Debug|iPhoneSimulator.Build.0 = Debug|Any CPU
		{EE964718-E0F0-4FAC-A491-ABEB1010765C}.Debug|iPhoneSimulator.Deploy.0 = Debug|Any CPU
		{EE964718-E0F0-4FAC-A491-ABEB1010765C}.Release|Any CPU.ActiveCfg = Release|Any CPU
		{EE964718-E0F0-4FAC-A491-ABEB1010765C}.Release|Any CPU.Build.0 = Release|Any CPU
		{EE964718-E0F0-4FAC-A491-ABEB1010765C}.Release|Any CPU.Deploy.0 = Release|Any CPU
		{EE964718-E0F0-4FAC-A491-ABEB1010765C}.Release|iPhone.ActiveCfg = Release|Any CPU
		{EE964718-E0F0-4FAC-A491-ABEB1010765C}.Release|iPhone.Build.0 = Release|Any CPU
		{EE964718-E0F0-4FAC-A491-ABEB1010765C}.Release|iPhone.Deploy.0 = Release|Any CPU
		{EE964718-E0F0-4FAC-A491-ABEB1010765C}.Release|iPhoneSimulator.ActiveCfg = Release|Any CPU
		{EE964718-E0F0-4FAC-A491-ABEB1010765C}.Release|iPhoneSimulator.Build.0 = Release|Any CPU
		{EE964718-E0F0-4FAC-A491-ABEB1010765C}.Release|iPhoneSimulator.Deploy.0 = Release|Any CPU
	EndGlobalSection
	GlobalSection(SolutionProperties) = preSolution
		HideSolutionNode = FALSE
	EndGlobalSection
	GlobalSection(ExtensibilityGlobals) = postSolution
		SolutionGuid = {67107E7F-AF4D-4689-B46F-CEB902CBD222}
	EndGlobalSection
EndGlobal
